
Microsoft Visual Studio Solution File, Format Version 12.00
Project("{FAE04EC0-301F-11D3-BF4B-00C04F79EFBC}") = "Schaakcompetitie.Frontend", "Schaakcompetitie.Frontend\Schaakcompetitie.Frontend.csproj", "{FF3B55E1-B72F-47B1-A3E5-4CB1093EC09F}"
EndProject
Project("{FAE04EC0-301F-11D3-BF4B-00C04F79EFBC}") = "Schaakcompetitie.Frontend.Test", "Schaakcompetitie.Frontend.Test\Schaakcompetitie.Frontend.Test.csproj", "{73D94DF1-25FB-4B63-BAC9-7B1995E36B3B}"
EndProject
Project("{FAE04EC0-301F-11D3-BF4B-00C04F79EFBC}") = "Schaakcompetitie.Frontend.DAL", "Schaakcompetitie.Frontend.DAL\Schaakcompetitie.Frontend.DAL.csproj", "{6038E605-5B7B-45C9-BE34-CCF0099B1380}"
EndProject
Project("{FAE04EC0-301F-11D3-BF4B-00C04F79EFBC}") = "Schaakcompetitie.Frontend.DAL.Test", "Schaakcompetitie.Frontend.DAL.Test\Schaakcompetitie.Frontend.DAL.Test.csproj", "{B1247C99-5D26-4667-95AF-DD2C0279EF2D}"
EndProject
Global
	GlobalSection(SolutionConfigurationPlatforms) = preSolution
		Debug|Any CPU = Debug|Any CPU
		Release|Any CPU = Release|Any CPU
	EndGlobalSection
	GlobalSection(ProjectConfigurationPlatforms) = postSolution
		{FF3B55E1-B72F-47B1-A3E5-4CB1093EC09F}.Debug|Any CPU.ActiveCfg = Debug|Any CPU
		{FF3B55E1-B72F-47B1-A3E5-4CB1093EC09F}.Debug|Any CPU.Build.0 = Debug|Any CPU
		{FF3B55E1-B72F-47B1-A3E5-4CB1093EC09F}.Release|Any CPU.ActiveCfg = Release|Any CPU
		{FF3B55E1-B72F-47B1-A3E5-4CB1093EC09F}.Release|Any CPU.Build.0 = Release|Any CPU
		{73D94DF1-25FB-4B63-BAC9-7B1995E36B3B}.Debug|Any CPU.ActiveCfg = Debug|Any CPU
		{73D94DF1-25FB-4B63-BAC9-7B1995E36B3B}.Debug|Any CPU.Build.0 = Debug|Any CPU
		{73D94DF1-25FB-4B63-BAC9-7B1995E36B3B}.Release|Any CPU.ActiveCfg = Release|Any CPU
		{73D94DF1-25FB-4B63-BAC9-7B1995E36B3B}.Release|Any CPU.Build.0 = Release|Any CPU
		{6038E605-5B7B-45C9-BE34-CCF0099B1380}.Debug|Any CPU.ActiveCfg = Debug|Any CPU
		{6038E605-5B7B-45C9-BE34-CCF0099B1380}.Debug|Any CPU.Build.0 = Debug|Any CPU
		{6038E605-5B7B-45C9-BE34-CCF0099B1380}.Release|Any CPU.ActiveCfg = Release|Any CPU
		{6038E605-5B7B-45C9-BE34-CCF0099B1380}.Release|Any CPU.Build.0 = Release|Any CPU
		{B1247C99-5D26-4667-95AF-DD2C0279EF2D}.Debug|Any CPU.ActiveCfg = Debug|Any CPU
		{B1247C99-5D26-4667-95AF-DD2C0279EF2D}.Debug|Any CPU.Build.0 = Debug|Any CPU
		{B1247C99-5D26-4667-95AF-DD2C0279EF2D}.Release|Any CPU.ActiveCfg = Release|Any CPU
		{B1247C99-5D26-4667-95AF-DD2C0279EF2D}.Release|Any CPU.Build.0 = Release|Any CPU
	EndGlobalSection
EndGlobal
